
Microsoft Visual Studio Solution File, Format Version 12.00
# Visual Studio Version 16
VisualStudioVersion = 16.0.29926.136
MinimumVisualStudioVersion = 10.0.40219.1
Project("{FAE04EC0-301F-11D3-BF4B-00C04F79EFBC}") = "SecurityDevOpsWeb", "SecurityDevOpsWeb\SecurityDevOpsWeb.csproj", "{6C215BED-4EB2-4E26-8A32-89E28BDB0BC7}"
EndProject
Global
	GlobalSection(SolutionConfigurationPlatforms) = preSolution
		Debug|Any CPU = Debug|Any CPU
		Release|Any CPU = Release|Any CPU
	EndGlobalSection
	GlobalSection(ProjectConfigurationPlatforms) = postSolution
		{6C215BED-4EB2-4E26-8A32-89E28BDB0BC7}.Debug|Any CPU.ActiveCfg = Debug|Any CPU
		{6C215BED-4EB2-4E26-8A32-89E28BDB0BC7}.Debug|Any CPU.Build.0 = Debug|Any CPU
		{6C215BED-4EB2-4E26-8A32-89E28BDB0BC7}.Release|Any CPU.ActiveCfg = Release|Any CPU
		{6C215BED-4EB2-4E26-8A32-89E28BDB0BC7}.Release|Any CPU.Build.0 = Release|Any CPU
	EndGlobalSection
	GlobalSection(SolutionProperties) = preSolution
		HideSolutionNode = FALSE
	EndGlobalSection
	GlobalSection(ExtensibilityGlobals) = postSolution
		SolutionGuid = {1A5E9FBD-AA70-4047-B592-09D0B85D6F55}
	EndGlobalSection
EndGlobal
